
Microsoft Visual Studio Solution File, Format Version 12.00
# Visual Studio Version 16
VisualStudioVersion = 16.0.32428.217
MinimumVisualStudioVersion = 10.0.40219.1
Project("{FAE04EC0-301F-11D3-BF4B-00C04F79EFBC}") = "ProjeItMvc", "ProjeItMvc\ProjeItMvc.csproj", "{7E559337-F8F8-4BD8-A677-B29BA8CF15E9}"
EndProject
Project("{FAE04EC0-301F-11D3-BF4B-00C04F79EFBC}") = "Entities", "Entities\Entities.csproj", "{82CBF0C4-2D41-4C9B-AD92-192E05197658}"
EndProject
Project("{FAE04EC0-301F-11D3-BF4B-00C04F79EFBC}") = "DAL", "DAL\DAL.csproj", "{606E2C64-3589-49FC-AEFC-D0DCB5B0F293}"
EndProject
Project("{FAE04EC0-301F-11D3-BF4B-00C04F79EFBC}") = "BLL", "BLL\BLL.csproj", "{CBB15198-8848-4F1D-B3B7-0270EC2C226A}"
EndProject
Global
	GlobalSection(SolutionConfigurationPlatforms) = preSolution
		Debug|Any CPU = Debug|Any CPU
		Release|Any CPU = Release|Any CPU
	EndGlobalSection
	GlobalSection(ProjectConfigurationPlatforms) = postSolution
		{7E559337-F8F8-4BD8-A677-B29BA8CF15E9}.Debug|Any CPU.ActiveCfg = Debug|Any CPU
		{7E559337-F8F8-4BD8-A677-B29BA8CF15E9}.Debug|Any CPU.Build.0 = Debug|Any CPU
		{7E559337-F8F8-4BD8-A677-B29BA8CF15E9}.Release|Any CPU.ActiveCfg = Release|Any CPU
		{7E559337-F8F8-4BD8-A677-B29BA8CF15E9}.Release|Any CPU.Build.0 = Release|Any CPU
		{82CBF0C4-2D41-4C9B-AD92-192E05197658}.Debug|Any CPU.ActiveCfg = Debug|Any CPU
		{82CBF0C4-2D41-4C9B-AD92-192E05197658}.Debug|Any CPU.Build.0 = Debug|Any CPU
		{82CBF0C4-2D41-4C9B-AD92-192E05197658}.Release|Any CPU.ActiveCfg = Release|Any CPU
		{82CBF0C4-2D41-4C9B-AD92-192E05197658}.Release|Any CPU.Build.0 = Release|Any CPU
		{606E2C64-3589-49FC-AEFC-D0DCB5B0F293}.Debug|Any CPU.ActiveCfg = Debug|Any CPU
		{606E2C64-3589-49FC-AEFC-D0DCB5B0F293}.Debug|Any CPU.Build.0 = Debug|Any CPU
		{606E2C64-3589-49FC-AEFC-D0DCB5B0F293}.Release|Any CPU.ActiveCfg = Release|Any CPU
		{606E2C64-3589-49FC-AEFC-D0DCB5B0F293}.Release|Any CPU.Build.0 = Release|Any CPU
		{CBB15198-8848-4F1D-B3B7-0270EC2C226A}.Debug|Any CPU.ActiveCfg = Debug|Any CPU
		{CBB15198-8848-4F1D-B3B7-0270EC2C226A}.Debug|Any CPU.Build.0 = Debug|Any CPU
		{CBB15198-8848-4F1D-B3B7-0270EC2C226A}.Release|Any CPU.ActiveCfg = Release|Any CPU
		{CBB15198-8848-4F1D-B3B7-0270EC2C226A}.Release|Any CPU.Build.0 = Release|Any CPU
	EndGlobalSection
	GlobalSection(SolutionProperties) = preSolution
		HideSolutionNode = FALSE
	EndGlobalSection
	GlobalSection(ExtensibilityGlobals) = postSolution
		SolutionGuid = {7778909B-46F9-49AE-913C-1646C5E8602F}
	EndGlobalSection
EndGlobal
